Microsoft Visual Studio Solution File, Format Version 11.00
# Visual Studio 2008

Project("{9BAB67DC-EE98-CE22-D156-0663624E54FF}") = "MED6", "Assembly-CSharp.csproj", "{F8C5CDFD-AD7A-D794-A9A2-0684A4282883}"
EndProject
Global
	GlobalSection(SolutionConfigurationPlatforms) = preSolution
		Debug|Any CPU = Debug|Any CPU
		Release|Any CPU = Release|Any CPU
	EndGlobalSection
	GlobalSection(ProjectConfigurationPlatforms) = postSolution
		{F8C5CDFD-AD7A-D794-A9A2-0684A4282883}.Debug|Any CPU.ActiveCfg = Debug|Any CPU
		{F8C5CDFD-AD7A-D794-A9A2-0684A4282883}.Debug|Any CPU.Build.0 = Debug|Any CPU
		{F8C5CDFD-AD7A-D794-A9A2-0684A4282883}.Release|Any CPU.ActiveCfg = Release|Any CPU
		{F8C5CDFD-AD7A-D794-A9A2-0684A4282883}.Release|Any CPU.Build.0 = Release|Any CPU
	EndGlobalSection
	GlobalSection(SolutionProperties) = preSolution
		HideSolutionNode = FALSE
	EndGlobalSection
	GlobalSection(MonoDevelopProperties) = preSolution
		StartupItem = Assembly-CSharp.csproj
	EndGlobalSection
EndGlobal
